
Microsoft Visual Studio Solution File, Format Version 12.00
# Visual Studio Version 17
VisualStudioVersion = 17.9.34728.123
MinimumVisualStudioVersion = 10.0.40219.1
Project("{2150E333-8FDC-42A3-9474-1A3956D46DE8}") = "chat gpt", "chat gpt", "{A939645A-11E8-475F-B65C-FEE9490A478F}"
EndProject
Project("{9A19103F-16F7-4668-BE54-9A1E7A4F7556}") = "try 2 24-5-2024", "try 2 24-5-2024\try 2 24-5-2024.csproj", "{4048C937-6B37-443D-8F32-881540137A1E}"
EndProject
Project("{9A19103F-16F7-4668-BE54-9A1E7A4F7556}") = "errors", "errors\errors.csproj", "{E64A99B0-1A73-4B39-83B1-44DEFFEE6555}"
EndProject
Project("{FAE04EC0-301F-11D3-BF4B-00C04F79EFBC}") = "life could be a droom", "life could be a droom\life could be a droom.csproj", "{74A37523-23D0-450F-8D1A-964C09E03CEE}"
EndProject
Global
	GlobalSection(SolutionConfigurationPlatforms) = preSolution
		Debug|Any CPU = Debug|Any CPU
		Release|Any CPU = Release|Any CPU
	EndGlobalSection
	GlobalSection(ProjectConfigurationPlatforms) = postSolution
		{4048C937-6B37-443D-8F32-881540137A1E}.Debug|Any CPU.ActiveCfg = Debug|Any CPU
		{4048C937-6B37-443D-8F32-881540137A1E}.Debug|Any CPU.Build.0 = Debug|Any CPU
		{4048C937-6B37-443D-8F32-881540137A1E}.Release|Any CPU.ActiveCfg = Release|Any CPU
		{4048C937-6B37-443D-8F32-881540137A1E}.Release|Any CPU.Build.0 = Release|Any CPU
		{E64A99B0-1A73-4B39-83B1-44DEFFEE6555}.Debug|Any CPU.ActiveCfg = Debug|Any CPU
		{E64A99B0-1A73-4B39-83B1-44DEFFEE6555}.Debug|Any CPU.Build.0 = Debug|Any CPU
		{E64A99B0-1A73-4B39-83B1-44DEFFEE6555}.Release|Any CPU.ActiveCfg = Release|Any CPU
		{E64A99B0-1A73-4B39-83B1-44DEFFEE6555}.Release|Any CPU.Build.0 = Release|Any CPU
		{74A37523-23D0-450F-8D1A-964C09E03CEE}.Debug|Any CPU.ActiveCfg = Debug|Any CPU
		{74A37523-23D0-450F-8D1A-964C09E03CEE}.Debug|Any CPU.Build.0 = Debug|Any CPU
		{74A37523-23D0-450F-8D1A-964C09E03CEE}.Release|Any CPU.ActiveCfg = Release|Any CPU
		{74A37523-23D0-450F-8D1A-964C09E03CEE}.Release|Any CPU.Build.0 = Release|Any CPU
	EndGlobalSection
	GlobalSection(SolutionProperties) = preSolution
		HideSolutionNode = FALSE
	EndGlobalSection
	GlobalSection(NestedProjects) = preSolution
		{4048C937-6B37-443D-8F32-881540137A1E} = {A939645A-11E8-475F-B65C-FEE9490A478F}
		{E64A99B0-1A73-4B39-83B1-44DEFFEE6555} = {A939645A-11E8-475F-B65C-FEE9490A478F}
		{74A37523-23D0-450F-8D1A-964C09E03CEE} = {A939645A-11E8-475F-B65C-FEE9490A478F}
	EndGlobalSection
	GlobalSection(ExtensibilityGlobals) = postSolution
		SolutionGuid = {F9F372BB-A9A6-40F5-BA7F-DD7FAC82D912}
	EndGlobalSection
EndGlobal
